lockfileVersion: '9.0'

settings:
  autoInstallPeers: true
  excludeLinksFromLockfile: false

importers:

  .:
    dependencies:
      tweetnacl-sealedbox-js:
        specifier: ^1.2.0
        version: 1.2.0
      tweetnacl-util:
        specifier: ^0.15.1
        version: 0.15.1

packages:

  blakejs@1.2.1:
    resolution: {integrity: sha512-QXUSXI3QVc/gJME0dBpXrag1kbzOqCjCX8/b54ntNyW6sjtoqxqRk3LTmXzaJoh71zMsDCjM+47jS7XiwN/+fQ==}

  tweetnacl-sealedbox-js@1.2.0:
    resolution: {integrity: sha512-QoCr8K2hwri+ky7SUa22oSre8g88XaWi0hwwWd16pJMuDyn5gL/UyE0PyR2EOFEMJ70T2trJ9+Sv+Qa18olEmQ==}

  tweetnacl-util@0.15.1:
    resolution: {integrity: sha512-RKJBIj8lySrShN4w6i/BonWp2Z/uxwC3h4y7xsRrpP59ZboCd0GpEVsOnMDYLMmKBpYhb5TgHzZXy7wTfYFBRw==}

  tweetnacl@1.0.3:
    resolution: {integrity: sha512-6rt+RN7aOi1nGMyC4Xa5DdYiukl2UWCbcJft7YhxReBGQD7OAM8Pbxw6YMo4r2diNEA8FEmu32YOn9rhaiE5yw==}

snapshots:

  blakejs@1.2.1: {}

  tweetnacl-sealedbox-js@1.2.0:
    dependencies:
      blakejs: 1.2.1
      tweetnacl: 1.0.3

  tweetnacl-util@0.15.1: {}

  tweetnacl@1.0.3: {}
